{
  "name": "@nucleation/harness",
  "version": "1.0.0",
  "lockfileVersion": 3,
  "requires": true,
  "packages": {
    "": {
      "name": "@nucleation/harness",
      "version": "1.0.0",
      "dependencies": {
        "churn-harbinger": "file:../packages/churn-harbinger",
        "crowd-phase": "file:../packages/crowd-phase",
        "market-canary": "file:../packages/market-canary",
        "match-pulse": "file:../packages/match-pulse",
        "org-canary": "file:../packages/org-canary",
        "patient-drift": "file:../packages/patient-drift",
        "regime-shift": "file:../packages/regime-shift",
        "sensor-shift": "file:../packages/sensor-shift",
        "supply-sentinel": "file:../packages/supply-sentinel",
        "threat-pulse": "file:../packages/threat-pulse"
      }
    },
    "../packages/churn-harbinger": {
      "version": "1.0.0",
      "license": "MIT",
      "dependencies": {
        "nucleation-wasm": "^0.2.0"
      },
      "engines": {
        "node": ">=18.0.0"
      }
    },
    "../packages/crowd-phase": {
      "version": "1.0.0",
      "license": "MIT",
      "dependencies": {
        "nucleation-wasm": "^0.2.0"
      },
      "engines": {
        "node": ">=18.0.0"
      }
    },
    "../packages/market-canary": {
      "version": "1.0.0",
      "license": "MIT",
      "dependencies": {
        "nucleation-wasm": "^0.2.0"
      },
      "engines": {
        "node": ">=18.0.0"
      }
    },
    "../packages/match-pulse": {
      "version": "1.0.0",
      "license": "MIT",
      "dependencies": {
        "nucleation-wasm": "^0.2.0"
      },
      "engines": {
        "node": ">=18.0.0"
      }
    },
    "../packages/org-canary": {
      "version": "1.0.0",
      "license": "MIT",
      "dependencies": {
        "nucleation-wasm": "^0.2.0"
      },
      "engines": {
        "node": ">=18.0.0"
      }
    },
    "../packages/patient-drift": {
      "version": "1.0.0",
      "license": "MIT",
      "dependencies": {
        "nucleation-wasm": "^0.2.0"
      },
      "engines": {
        "node": ">=18.0.0"
      }
    },
    "../packages/regime-shift": {
      "version": "1.0.0",
      "license": "MIT",
      "dependencies": {
        "nucleation-wasm": "^0.2.0"
      },
      "engines": {
        "node": ">=18.0.0"
      }
    },
    "../packages/sensor-shift": {
      "version": "1.0.0",
      "license": "MIT",
      "dependencies": {
        "nucleation-wasm": "^0.2.0"
      },
      "engines": {
        "node": ">=18.0.0"
      }
    },
    "../packages/supply-sentinel": {
      "version": "1.0.0",
      "license": "MIT",
      "dependencies": {
        "nucleation-wasm": "^0.2.0"
      },
      "engines": {
        "node": ">=18.0.0"
      }
    },
    "../packages/threat-pulse": {
      "version": "1.0.0",
      "license": "MIT",
      "dependencies": {
        "nucleation-wasm": "^0.2.0"
      },
      "engines": {
        "node": ">=18.0.0"
      }
    },
    "node_modules/churn-harbinger": {
      "resolved": "../packages/churn-harbinger",
      "link": true
    },
    "node_modules/crowd-phase": {
      "resolved": "../packages/crowd-phase",
      "link": true
    },
    "node_modules/market-canary": {
      "resolved": "../packages/market-canary",
      "link": true
    },
    "node_modules/match-pulse": {
      "resolved": "../packages/match-pulse",
      "link": true
    },
    "node_modules/org-canary": {
      "resolved": "../packages/org-canary",
      "link": true
    },
    "node_modules/patient-drift": {
      "resolved": "../packages/patient-drift",
      "link": true
    },
    "node_modules/regime-shift": {
      "resolved": "../packages/regime-shift",
      "link": true
    },
    "node_modules/sensor-shift": {
      "resolved": "../packages/sensor-shift",
      "link": true
    },
    "node_modules/supply-sentinel": {
      "resolved": "../packages/supply-sentinel",
      "link": true
    },
    "node_modules/threat-pulse": {
      "resolved": "../packages/threat-pulse",
      "link": true
    }
  }
}
